
Microsoft Visual Studio Solution File, Format Version 12.00
# Visual Studio Version 17
VisualStudioVersion = 17.14.36603.0
MinimumVisualStudioVersion = 10.0.40219.1
Project("{FAE04EC0-301F-11D3-BF4B-00C04F79EFBC}") = "LongestWordInSentence", "LongestWordInSentence\LongestWordInSentence.csproj", "{1DAFC27F-C1F4-4B63-A35E-0CEBD1DF3ACA}"
EndProject
Project("{FAE04EC0-301F-11D3-BF4B-00C04F79EFBC}") = "ReverseWord", "ReverseWord\ReverseWord.csproj", "{29E1C74B-B114-41FA-B0ED-4EFBFD2D4E3C}"
EndProject
Project("{FAE04EC0-301F-11D3-BF4B-00C04F79EFBC}") = "Fibonacci", "Fibonacci\Fibonacci.csproj", "{846CCB59-59C2-4C1F-85CB-4CB8549414AD}"
EndProject
Project("{FAE04EC0-301F-11D3-BF4B-00C04F79EFBC}") = "SnakePathFind", "SnakePathFind\SnakePathFind.csproj", "{1B0B222F-2371-4C25-9790-426C4E3A554B}"
EndProject
Project("{FAE04EC0-301F-11D3-BF4B-00C04F79EFBC}") = "SortTest", "Sorts\SortTest.csproj", "{E881833A-6E09-420E-941A-FD1FA39E2745}"
EndProject
Project("{FAE04EC0-301F-11D3-BF4B-00C04F79EFBC}") = "Connect4", "Connect4\Connect4.csproj", "{77DCF0F5-A82C-4407-9E27-7A36CE4F0F18}"
EndProject
Project("{FAE04EC0-301F-11D3-BF4B-00C04F79EFBC}") = "IntroSort", "IntroSort\IntroSort.csproj", "{60711DD9-E942-47D3-B483-CC8DA90B9618}"
EndProject
Project("{FAE04EC0-301F-11D3-BF4B-00C04F79EFBC}") = "Heaps", "Heaps\Heaps.csproj", "{C5CE9FAF-B763-4E14-A32C-682E77E9295E}"
EndProject
Global
	GlobalSection(SolutionConfigurationPlatforms) = preSolution
		Debug|Any CPU = Debug|Any CPU
		Release|Any CPU = Release|Any CPU
	EndGlobalSection
	GlobalSection(ProjectConfigurationPlatforms) = postSolution
		{1DAFC27F-C1F4-4B63-A35E-0CEBD1DF3ACA}.Debug|Any CPU.ActiveCfg = Debug|Any CPU
		{1DAFC27F-C1F4-4B63-A35E-0CEBD1DF3ACA}.Debug|Any CPU.Build.0 = Debug|Any CPU
		{1DAFC27F-C1F4-4B63-A35E-0CEBD1DF3ACA}.Release|Any CPU.ActiveCfg = Release|Any CPU
		{1DAFC27F-C1F4-4B63-A35E-0CEBD1DF3ACA}.Release|Any CPU.Build.0 = Release|Any CPU
		{29E1C74B-B114-41FA-B0ED-4EFBFD2D4E3C}.Debug|Any CPU.ActiveCfg = Debug|Any CPU
		{29E1C74B-B114-41FA-B0ED-4EFBFD2D4E3C}.Debug|Any CPU.Build.0 = Debug|Any CPU
		{29E1C74B-B114-41FA-B0ED-4EFBFD2D4E3C}.Release|Any CPU.ActiveCfg = Release|Any CPU
		{29E1C74B-B114-41FA-B0ED-4EFBFD2D4E3C}.Release|Any CPU.Build.0 = Release|Any CPU
		{846CCB59-59C2-4C1F-85CB-4CB8549414AD}.Debug|Any CPU.ActiveCfg = Debug|Any CPU
		{846CCB59-59C2-4C1F-85CB-4CB8549414AD}.Debug|Any CPU.Build.0 = Debug|Any CPU
		{846CCB59-59C2-4C1F-85CB-4CB8549414AD}.Release|Any CPU.ActiveCfg = Release|Any CPU
		{846CCB59-59C2-4C1F-85CB-4CB8549414AD}.Release|Any CPU.Build.0 = Release|Any CPU
		{1B0B222F-2371-4C25-9790-426C4E3A554B}.Debug|Any CPU.ActiveCfg = Debug|Any CPU
		{1B0B222F-2371-4C25-9790-426C4E3A554B}.Debug|Any CPU.Build.0 = Debug|Any CPU
		{1B0B222F-2371-4C25-9790-426C4E3A554B}.Release|Any CPU.ActiveCfg = Release|Any CPU
		{1B0B222F-2371-4C25-9790-426C4E3A554B}.Release|Any CPU.Build.0 = Release|Any CPU
		{E881833A-6E09-420E-941A-FD1FA39E2745}.Debug|Any CPU.ActiveCfg = Debug|Any CPU
		{E881833A-6E09-420E-941A-FD1FA39E2745}.Debug|Any CPU.Build.0 = Debug|Any CPU
		{E881833A-6E09-420E-941A-FD1FA39E2745}.Release|Any CPU.ActiveCfg = Release|Any CPU
		{E881833A-6E09-420E-941A-FD1FA39E2745}.Release|Any CPU.Build.0 = Release|Any CPU
		{77DCF0F5-A82C-4407-9E27-7A36CE4F0F18}.Debug|Any CPU.ActiveCfg = Debug|Any CPU
		{77DCF0F5-A82C-4407-9E27-7A36CE4F0F18}.Debug|Any CPU.Build.0 = Debug|Any CPU
		{77DCF0F5-A82C-4407-9E27-7A36CE4F0F18}.Release|Any CPU.ActiveCfg = Release|Any CPU
		{77DCF0F5-A82C-4407-9E27-7A36CE4F0F18}.Release|Any CPU.Build.0 = Release|Any CPU
		{60711DD9-E942-47D3-B483-CC8DA90B9618}.Debug|Any CPU.ActiveCfg = Debug|Any CPU
		{60711DD9-E942-47D3-B483-CC8DA90B9618}.Debug|Any CPU.Build.0 = Debug|Any CPU
		{60711DD9-E942-47D3-B483-CC8DA90B9618}.Release|Any CPU.ActiveCfg = Release|Any CPU
		{60711DD9-E942-47D3-B483-CC8DA90B9618}.Release|Any CPU.Build.0 = Release|Any CPU
		{C5CE9FAF-B763-4E14-A32C-682E77E9295E}.Debug|Any CPU.ActiveCfg = Debug|Any CPU
		{C5CE9FAF-B763-4E14-A32C-682E77E9295E}.Debug|Any CPU.Build.0 = Debug|Any CPU
		{C5CE9FAF-B763-4E14-A32C-682E77E9295E}.Release|Any CPU.ActiveCfg = Release|Any CPU
		{C5CE9FAF-B763-4E14-A32C-682E77E9295E}.Release|Any CPU.Build.0 = Release|Any CPU
	EndGlobalSection
	GlobalSection(SolutionProperties) = preSolution
		HideSolutionNode = FALSE
	EndGlobalSection
	GlobalSection(ExtensibilityGlobals) = postSolution
		SolutionGuid = {9BF98121-7437-4A0D-99B0-D773316DB35A}
	EndGlobalSection
EndGlobal
